
Microsoft Visual Studio Solution File, Format Version 12.00
# Visual Studio Version 16
VisualStudioVersion = 16.0.29403.142
MinimumVisualStudioVersion = 10.0.40219.1
Project("{FAE04EC0-301F-11D3-BF4B-00C04F79EFBC}") = "HarrisMichael_FinalApp", "HarrisMichael_FinalApp\HarrisMichael_FinalApp.csproj", "{F4CE552C-42C1-4D45-8B43-23315C003FBB}"
EndProject
Global
	GlobalSection(SolutionConfigurationPlatforms) = preSolution
		Debug|Any CPU = Debug|Any CPU
		Release|Any CPU = Release|Any CPU
	EndGlobalSection
	GlobalSection(ProjectConfigurationPlatforms) = postSolution
		{F4CE552C-42C1-4D45-8B43-23315C003FBB}.Debug|Any CPU.ActiveCfg = Debug|Any CPU
		{F4CE552C-42C1-4D45-8B43-23315C003FBB}.Debug|Any CPU.Build.0 = Debug|Any CPU
		{F4CE552C-42C1-4D45-8B43-23315C003FBB}.Release|Any CPU.ActiveCfg = Release|Any CPU
		{F4CE552C-42C1-4D45-8B43-23315C003FBB}.Release|Any CPU.Build.0 = Release|Any CPU
	EndGlobalSection
	GlobalSection(SolutionProperties) = preSolution
		HideSolutionNode = FALSE
	EndGlobalSection
	GlobalSection(ExtensibilityGlobals) = postSolution
		SolutionGuid = {F7DE5A12-6EB3-4CB8-9599-7CFAA6029F2C}
	EndGlobalSection
EndGlobal
